// !$*UTF8*$!
{
	archiveVersion = 1;
	classes = {
	};
	objectVersion = 48;
	objects = {

/* Begin PBXBuildFile section */
		8607E43E8CE57F6D40ADB695 /* Pods_SampleLock.framework in Frameworks */ = {isa = PBXBuildFile; fileRef = 56E2A52766CC340E4B82B0CB /* Pods_SampleLock.framework */; };
		97ACD2CF1FA1DDA30070387B /* unlock.wav in Resources */ = {isa = PBXBuildFile; fileRef = 97ACD2CD1FA1DDA20070387B /* unlock.wav */; };
		97ACD2D01FA1DDA30070387B /* lock.wav in Resources */ = {isa = PBXBuildFile; fileRef = 97ACD2CE1FA1DDA30070387B /* lock.wav */; };
		97B2C6561F9FA116005D2685 /* AppDelegate.swift in Sources */ = {isa = PBXBuildFile; fileRef = 97B2C6551F9FA116005D2685 /* AppDelegate.swift */; };
		97B2C6581F9FA116005D2685 /* ViewController.swift in Sources */ = {isa = PBXBuildFile; fileRef = 97B2C6571F9FA116005D2685 /* ViewController.swift */; };
		97B2C65B1F9FA116005D2685 /* Main.storyboard in Resources */ = {isa = PBXBuildFile; fileRef = 97B2C6591F9FA116005D2685 /* Main.storyboard */; };
		97B2C65D1F9FA116005D2685 /* Assets.xcassets in Resources */ = {isa = PBXBuildFile; fileRef = 97B2C65C1F9FA116005D2685 /* Assets.xcassets */; };
		97B2C6601F9FA116005D2685 /* LaunchScreen.storyboard in Resources */ = {isa = PBXBuildFile; fileRef = 97B2C65E1F9FA116005D2685 /* LaunchScreen.storyboard */; };
/* End PBXBuildFile section */

/* Begin PBXFileReference section */
		56E2A52766CC340E4B82B0CB /* Pods_SampleLock.framework */ = {isa = PBXFileReference; explicitFileType = wrapper.framework; includeInIndex = 0; path = Pods_SampleLock.framework; sourceTree = BUILT_PRODUCTS_DIR; };
		769DA75BB87287B667970A12 /* Pods-SampleLock.release.xcconfig */ = {isa = PBXFileReference; includeInIndex = 1; lastKnownFileType = text.xcconfig; name = "Pods-SampleLock.release.xcconfig"; path = "Pods/Target Support Files/Pods-SampleLock/Pods-SampleLock.release.xcconfig"; sourceTree = "<group>"; };
		97ACD2CD1FA1DDA20070387B /* unlock.wav */ = {isa = PBXFileReference; lastKnownFileType = audio.wav; path = unlock.wav; sourceTree = "<group>"; };
		97ACD2CE1FA1DDA30070387B /* lock.wav */ = {isa = PBXFileReference; lastKnownFileType = audio.wav; path = lock.wav; sourceTree = "<group>"; };
		97ACD2D21FA1DDE80070387B /* AudioToolbox.framework */ = {isa = PBXFileReference; lastKnownFileType = wrapper.framework; name = AudioToolbox.framework; path = System/Library/Frameworks/AudioToolbox.framework; sourceTree = SDKROOT; };
		97B2C6521F9FA116005D2685 /* SampleLock.app */ = {isa = PBXFileReference; explicitFileType = wrapper.application; includeInIndex = 0; path = SampleLock.app; sourceTree = BUILT_PRODUCTS_DIR; };
		97B2C6551F9FA116005D2685 /* AppDelegate.swift */ = {isa = PBXFileReference; lastKnownFileType = sourcecode.swift; path = AppDelegate.swift; sourceTree = "<group>"; };
		97B2C6571F9FA116005D2685 /* ViewController.swift */ = {isa = PBXFileReference; lastKnownFileType = sourcecode.swift; path = ViewController.swift; sourceTree = "<group>"; };
		97B2C65A1F9FA116005D2685 /* Base */ = {isa = PBXFileReference; lastKnownFileType = file.storyboard; name = Base; path = Base.lproj/Main.storyboard; sourceTree = "<group>"; };
		97B2C65C1F9FA116005D2685 /* Assets.xcassets */ = {isa = PBXFileReference; lastKnownFileType = folder.assetcatalog; path = Assets.xcassets; sourceTree = "<group>"; };
		97B2C65F1F9FA116005D2685 /* Base */ = {isa = PBXFileReference; lastKnownFileType = file.storyboard; name = Base; path = Base.lproj/LaunchScreen.storyboard; sourceTree = "<group>"; };
		97B2C6611F9FA116005D2685 /* Info.plist */ = {isa = PBXFileReference; lastKnownFileType = text.plist.xml; path = Info.plist; sourceTree = "<group>"; };
		C04775AB38EE017961B00952 /* Pods-SampleLock.debug.xcconfig */ = {isa = PBXFileReference; includeInIndex = 1; lastKnownFileType = text.xcconfig; name = "Pods-SampleLock.debug.xcconfig"; path = "Pods/Target Support Files/Pods-SampleLock/Pods-SampleLock.debug.xcconfig"; sourceTree = "<group>"; };
/* End PBXFileReference section */

/* Begin PBXFrameworksBuildPhase section */
		97B2C64F1F9FA116005D2685 /* Frameworks */ = {
			isa = PBXFrameworksBuildPhase;
			buildActionMask = 2147483647;
			files = (
				8607E43E8CE57F6D40ADB695 /* Pods_SampleLock.framework in Frameworks */,
			);
			runOnlyForDeploymentPostprocessing = 0;
		};
/* End PBXFrameworksBuildPhase section */

/* Begin PBXGroup section */
		9006A32A9AA3207B6C0A3C70 /* Frameworks */ = {
			isa = PBXGroup;
			children = (
				97ACD2D21FA1DDE80070387B /* AudioToolbox.framework */,
				56E2A52766CC340E4B82B0CB /* Pods_SampleLock.framework */,
			);
			name = Frameworks;
			sourceTree = "<group>";
		};
		97ACD2D11FA1DDA70070387B /* Sounds */ = {
			isa = PBXGroup;
			children = (
				97ACD2CE1FA1DDA30070387B /* lock.wav */,
				97ACD2CD1FA1DDA20070387B /* unlock.wav */,
			);
			path = Sounds;
			sourceTree = "<group>";
		};
		97B2C6491F9FA116005D2685 = {
			isa = PBXGroup;
			children = (
				97B2C6541F9FA116005D2685 /* SampleLock */,
				97B2C6531F9FA116005D2685 /* Products */,
				FF9D130E4BCEE5FFE943FFCB /* Pods */,
				9006A32A9AA3207B6C0A3C70 /* Frameworks */,
			);
			sourceTree = "<group>";
		};
		97B2C6531F9FA116005D2685 /* Products */ = {
			isa = PBXGroup;
			children = (
				97B2C6521F9FA116005D2685 /* SampleLock.app */,
			);
			name = Products;
			sourceTree = "<group>";
		};
		97B2C6541F9FA116005D2685 /* SampleLock */ = {
			isa = PBXGroup;
			children = (
				97ACD2D11FA1DDA70070387B /* Sounds */,
				97B2C6551F9FA116005D2685 /* AppDelegate.swift */,
				97B2C6571F9FA116005D2685 /* ViewController.swift */,
				97B2C6591F9FA116005D2685 /* Main.storyboard */,
				97B2C65C1F9FA116005D2685 /* Assets.xcassets */,
				97B2C65E1F9FA116005D2685 /* LaunchScreen.storyboard */,
				97B2C6611F9FA116005D2685 /* Info.plist */,
			);
			path = SampleLock;
			sourceTree = "<group>";
		};
		FF9D130E4BCEE5FFE943FFCB /* Pods */ = {
			isa = PBXGroup;
			children = (
				C04775AB38EE017961B00952 /* Pods-SampleLock.debug.xcconfig */,
				769DA75BB87287B667970A12 /* Pods-SampleLock.release.xcconfig */,
			);
			name = Pods;
			sourceTree = "<group>";
		};
/* End PBXGroup section */

/* Begin PBXNativeTarget section */
		97B2C6511F9FA116005D2685 /* SampleLock */ = {
			isa = PBXNativeTarget;
			buildConfigurationList = 97B2C6641F9FA116005D2685 /* Build configuration list for PBXNativeTarget "SampleLock" */;
			buildPhases = (
				84C6FD7A1F3B307A85EE05DF /* [CP] Check Pods Manifest.lock */,
				97B2C64E1F9FA116005D2685 /* Sources */,
				97B2C64F1F9FA116005D2685 /* Frameworks */,
				97B2C6501F9FA116005D2685 /* Resources */,
				8195DC81BF70DA642C5597AB /* [CP] Embed Pods Frameworks */,
				236368218417D4B414B6F162 /* [CP] Copy Pods Resources */,
			);
			buildRules = (
			);
			dependencies = (
			);
			name = SampleLock;
			productName = SampleLock;
			productReference = 97B2C6521F9FA116005D2685 /* SampleLock.app */;
			productType = "com.apple.product-type.application";
		};
/* End PBXNativeTarget section */

/* Begin PBXProject section */
		97B2C64A1F9FA116005D2685 /* Project object */ = {
			isa = PBXProject;
			attributes = {
				LastSwiftUpdateCheck = 0900;
				LastUpgradeCheck = 0900;
				ORGANIZATIONNAME = "August Z. Flatby";
				TargetAttributes = {
					97B2C6511F9FA116005D2685 = {
						CreatedOnToolsVersion = 9.0.1;
						ProvisioningStyle = Automatic;
					};
				};
			};
			buildConfigurationList = 97B2C64D1F9FA116005D2685 /* Build configuration list for PBXProject "SampleLock" */;
			compatibilityVersion = "Xcode 8.0";
			developmentRegion = en;
			hasScannedForEncodings = 0;
			knownRegions = (
				en,
				Base,
			);
			mainGroup = 97B2C6491F9FA116005D2685;
			productRefGroup = 97B2C6531F9FA116005D2685 /* Products */;
			projectDirPath = "";
			projectRoot = "";
			targets = (
				97B2C6511F9FA116005D2685 /* SampleLock */,
			);
		};
/* End PBXProject section */

/* Begin PBXResourcesBuildPhase section */
		97B2C6501F9FA116005D2685 /* Resources */ = {
			isa = PBXResourcesBuildPhase;
			buildActionMask = 2147483647;
			files = (
				97ACD2D01FA1DDA30070387B /* lock.wav in Resources */,
				97B2C6601F9FA116005D2685 /* LaunchScreen.storyboard in Resources */,
				97B2C65D1F9FA116005D2685 /* Assets.xcassets in Resources */,
				97ACD2CF1FA1DDA30070387B /* unlock.wav in Resources */,
				97B2C65B1F9FA116005D2685 /* Main.storyboard in Resources */,
			);
			runOnlyForDeploymentPostprocessing = 0;
		};
/* End PBXResourcesBuildPhase section */

/* Begin PBXShellScriptBuildPhase section */
		236368218417D4B414B6F162 /* [CP] Copy Pods Resources */ = {
			isa = PBXShellScriptBuildPhase;
			buildActionMask = 2147483647;
			files = (
			);
			inputPaths = (
			);
			name = "[CP] Copy Pods Resources";
			outputPaths = (
			);
			runOnlyForDeploymentPostprocessing = 0;
			shellPath = /bin/sh;
			shellScript = "\"${SRCROOT}/Pods/Target Support Files/Pods-SampleLock/Pods-SampleLock-resources.sh\"\n";
			showEnvVarsInLog = 0;
		};
		8195DC81BF70DA642C5597AB /* [CP] Embed Pods Frameworks */ = {
			isa = PBXShellScriptBuildPhase;
			buildActionMask = 2147483647;
			files = (
			);
			inputPaths = (
			);
			name = "[CP] Embed Pods Frameworks";
			outputPaths = (
			);
			runOnlyForDeploymentPostprocessing = 0;
			shellPath = /bin/sh;
			shellScript = "\"${SRCROOT}/Pods/Target Support Files/Pods-SampleLock/Pods-SampleLock-frameworks.sh\"\n";
			showEnvVarsInLog = 0;
		};
		84C6FD7A1F3B307A85EE05DF /* [CP] Check Pods Manifest.lock */ = {
			isa = PBXShellScriptBuildPhase;
			buildActionMask = 2147483647;
			files = (
			);
			inputPaths = (
			);
			name = "[CP] Check Pods Manifest.lock";
			outputPaths = (
			);
			runOnlyForDeploymentPostprocessing = 0;
			shellPath = /bin/sh;
			shellScript = "diff \"${PODS_ROOT}/../Podfile.lock\" \"${PODS_ROOT}/Manifest.lock\" > /dev/null\nif [ $? != 0 ] ; then\n    # print error to STDERR\n    echo \"error: The sandbox is not in sync with the Podfile.lock. Run 'pod install' or update your CocoaPods installation.\" >&2\n    exit 1\nfi\n";
			showEnvVarsInLog = 0;
		};
/* End PBXShellScriptBuildPhase section */

/* Begin PBXSourcesBuildPhase section */
		97B2C64E1F9FA116005D2685 /* Sources */ = {
			isa = PBXSourcesBuildPhase;
			buildActionMask = 2147483647;
			files = (
				97B2C6581F9FA116005D2685 /* ViewController.swift in Sources */,
				97B2C6561F9FA116005D2685 /* AppDelegate.swift in Sources */,
			);
			runOnlyForDeploymentPostprocessing = 0;
		};
/* End PBXSourcesBuildPhase section */

/* Begin PBXVariantGroup section */
		97B2C6591F9FA116005D2685 /* Main.storyboard */ = {
			isa = PBXVariantGroup;
			children = (
				97B2C65A1F9FA116005D2685 /* Base */,
			);
			name = Main.storyboard;
			sourceTree = "<group>";
		};
		97B2C65E1F9FA116005D2685 /* LaunchScreen.storyboard */ = {
			isa = PBXVariantGroup;
			children = (
				97B2C65F1F9FA116005D2685 /* Base */,
			);
			name = LaunchScreen.storyboard;
			sourceTree = "<group>";
		};
/* End PBXVariantGroup section */

/* Begin XCBuildConfiguration section */
		97B2C6621F9FA116005D2685 /* Debug */ = {
			isa = XCBuildConfiguration;
			buildSettings = {
				ALWAYS_SEARCH_USER_PATHS = NO;
				CLANG_ANALYZER_NONNULL = YES;
				CLANG_ANALYZER_NUMBER_OBJECT_CONVERSION = YES_AGGRESSIVE;
				CLANG_CXX_LANGUAGE_STANDARD = "gnu++14";
				CLANG_CXX_LIBRARY = "libc++";
				CLANG_ENABLE_MODULES = YES;
				CLANG_ENABLE_OBJC_ARC = YES;
				CLANG_WARN_BLOCK_CAPTURE_AUTORELEASING = YES;
				CLANG_WARN_BOOL_CONVERSION = YES;
				CLANG_WARN_COMMA = YES;
				CLANG_WARN_CONSTANT_CONVERSION = YES;
				CLANG_WARN_DIRECT_OBJC_ISA_USAGE = YES_ERROR;
				CLANG_WARN_DOCUMENTATION_COMMENTS = YES;
				CLANG_WARN_EMPTY_BODY = YES;
				CLANG_WARN_ENUM_CONVERSION = YES;
				CLANG_WARN_INFINITE_RECURSION = YES;
				CLANG_WARN_INT_CONVERSION = YES;
				CLANG_WARN_NON_LITERAL_NULL_CONVERSION = YES;
				CLANG_WARN_OBJC_LITERAL_CONVERSION = YES;
				CLANG_WARN_OBJC_ROOT_CLASS = YES_ERROR;
				CLANG_WARN_RANGE_LOOP_ANALYSIS = YES;
				CLANG_WARN_STRICT_PROTOTYPES = YES;
				CLANG_WARN_SUSPICIOUS_MOVE = YES;
				CLANG_WARN_UNGUARDED_AVAILABILITY = YES_AGGRESSIVE;
				CLANG_WARN_UNREACHABLE_CODE = YES;
				CLANG_WARN__DUPLICATE_METHOD_MATCH = YES;
				CODE_SIGN_IDENTITY = "iPhone Developer";
				COPY_PHASE_STRIP = NO;
				DEBUG_INFORMATION_FORMAT = dwarf;
				ENABLE_STRICT_OBJC_MSGSEND = YES;
				ENABLE_TESTABILITY = YES;
				GCC_C_LANGUAGE_STANDARD = gnu11;
				GCC_DYNAMIC_NO_PIC = NO;
				GCC_NO_COMMON_BLOCKS = YES;
				GCC_OPTIMIZATION_LEVEL = 0;
				GCC_PREPROCESSOR_DEFINITIONS = (
					"DEBUG=1",
					"$(inherited)",
				);
				GCC_WARN_64_TO_32_BIT_CONVERSION = YES;
				GCC_WARN_ABOUT_RETURN_TYPE = YES_ERROR;
				GCC_WARN_UNDECLARED_SELECTOR = YES;
				GCC_WARN_UNINITIALIZED_AUTOS = YES_AGGRESSIVE;
				GCC_WARN_UNUSED_FUNCTION = YES;
				GCC_WARN_UNUSED_VARIABLE = YES;
				IPHONEOS_DEPLOYMENT_TARGET = 11.0;
				MTL_ENABLE_DEBUG_INFO = YES;
				ONLY_ACTIVE_ARCH = YES;
				SDKROOT = iphoneos;
				SWIFT_ACTIVE_COMPILATION_CONDITIONS = DEBUG;
				SWIFT_OPTIMIZATION_LEVEL = "-Onone";
			};
			name = Debug;
		};
		97B2C6631F9FA116005D2685 /* Release */ = {
			isa = XCBuildConfiguration;
			buildSettings = {
				ALWAYS_SEARCH_USER_PATHS = NO;
				CLANG_ANALYZER_NONNULL = YES;
				CLANG_ANALYZER_NUMBER_OBJECT_CONVERSION = YES_AGGRESSIVE;
				CLANG_CXX_LANGUAGE_STANDARD = "gnu++14";
				CLANG_CXX_LIBRARY = "libc++";
				CLANG_ENABLE_MODULES = YES;
				CLANG_ENABLE_OBJC_ARC = YES;
				CLANG_WARN_BLOCK_CAPTURE_AUTORELEASING = YES;
				CLANG_WARN_BOOL_CONVERSION = YES;
				CLANG_WARN_COMMA = YES;
				CLANG_WARN_CONSTANT_CONVERSION = YES;
				CLANG_WARN_DIRECT_OBJC_ISA_USAGE = YES_ERROR;
				CLANG_WARN_DOCUMENTATION_COMMENTS = YES;
				CLANG_WARN_EMPTY_BODY = YES;
				CLANG_WARN_ENUM_CONVERSION = YES;
				CLANG_WARN_INFINITE_RECURSION = YES;
				CLANG_WARN_INT_CONVERSION = YES;
				CLANG_WARN_NON_LITERAL_NULL_CONVERSION = YES;
				CLANG_WARN_OBJC_LITERAL_CONVERSION = YES;
				CLANG_WARN_OBJC_ROOT_CLASS = YES_ERROR;
				CLANG_WARN_RANGE_LOOP_ANALYSIS = YES;
				CLANG_WARN_STRICT_PROTOTYPES = YES;
				CLANG_WARN_SUSPICIOUS_MOVE = YES;
				CLANG_WARN_UNGUARDED_AVAILABILITY = YES_AGGRESSIVE;
				CLANG_WARN_UNREACHABLE_CODE = YES;
				CLANG_WARN__DUPLICATE_METHOD_MATCH = YES;
				CODE_SIGN_IDENTITY = "iPhone Developer";
				COPY_PHASE_STRIP = NO;
				DEBUG_INFORMATION_FORMAT = "dwarf-with-dsym";
				ENABLE_NS_ASSERTIONS = NO;
				ENABLE_STRICT_OBJC_MSGSEND = YES;
				GCC_C_LANGUAGE_STANDARD = gnu11;
				GCC_NO_COMMON_BLOCKS = YES;
				GCC_WARN_64_TO_32_BIT_CONVERSION = YES;
				GCC_WARN_ABOUT_RETURN_TYPE = YES_ERROR;
				GCC_WARN_UNDECLARED_SELECTOR = YES;
				GCC_WARN_UNINITIALIZED_AUTOS = YES_AGGRESSIVE;
				GCC_WARN_UNUSED_FUNCTION = YES;
				GCC_WARN_UNUSED_VARIABLE = YES;
				IPHONEOS_DEPLOYMENT_TARGET = 11.0;
				MTL_ENABLE_DEBUG_INFO = NO;
				SDKROOT = iphoneos;
				SWIFT_OPTIMIZATION_LEVEL = "-Owholemodule";
				VALIDATE_PRODUCT = YES;
			};
			name = Release;
		};
		97B2C6651F9FA116005D2685 /* Debug */ = {
			isa = XCBuildConfiguration;
			baseConfigurationReference = C04775AB38EE017961B00952 /* Pods-SampleLock.debug.xcconfig */;
			buildSettings = {
				ASSETCATALOG_COMPILER_APPICON_NAME = AppIcon;
				CODE_SIGN_STYLE = Automatic;
				DEVELOPMENT_TEAM = L8X2X2VR23;
				INFOPLIST_FILE = SampleLock/Info.plist;
				LD_RUNPATH_SEARCH_PATHS = "$(inherited) @executable_path/Frameworks";
				PRODUCT_BUNDLE_IDENTIFIER = io.tikky.SampleLock;
				PRODUCT_NAME = "$(TARGET_NAME)";
				SWIFT_VERSION = 4.0;
				TARGETED_DEVICE_FAMILY = "1,2";
			};
			name = Debug;
		};
		97B2C6661F9FA116005D2685 /* Release */ = {
			isa = XCBuildConfiguration;
			baseConfigurationReference = 769DA75BB87287B667970A12 /* Pods-SampleLock.release.xcconfig */;
			buildSettings = {
				ASSETCATALOG_COMPILER_APPICON_NAME = AppIcon;
				CODE_SIGN_STYLE = Automatic;
				DEVELOPMENT_TEAM = L8X2X2VR23;
				INFOPLIST_FILE = SampleLock/Info.plist;
				LD_RUNPATH_SEARCH_PATHS = "$(inherited) @executable_path/Frameworks";
				PRODUCT_BUNDLE_IDENTIFIER = io.tikky.SampleLock;
				PRODUCT_NAME = "$(TARGET_NAME)";
				SWIFT_VERSION = 4.0;
				TARGETED_DEVICE_FAMILY = "1,2";
			};
			name = Release;
		};
/* End XCBuildConfiguration section */

/* Begin XCConfigurationList section */
		97B2C64D1F9FA116005D2685 /* Build configuration list for PBXProject "SampleLock" */ = {
			isa = XCConfigurationList;
			buildConfigurations = (
				97B2C6621F9FA116005D2685 /* Debug */,
				97B2C6631F9FA116005D2685 /* Release */,
			);
			defaultConfigurationIsVisible = 0;
			defaultConfigurationName = Release;
		};
		97B2C6641F9FA116005D2685 /* Build configuration list for PBXNativeTarget "SampleLock" */ = {
			isa = XCConfigurationList;
			buildConfigurations = (
				97B2C6651F9FA116005D2685 /* Debug */,
				97B2C6661F9FA116005D2685 /* Release */,
			);
			defaultConfigurationIsVisible = 0;
			defaultConfigurationName = Release;
		};
/* End XCConfigurationList section */
	};
	rootObject = 97B2C64A1F9FA116005D2685 /* Project object */;
}
