// !$*UTF8*$!
{
	archiveVersion = 1;
	classes = {
	};
	objectVersion = 48;
	objects = {

/* Begin PBXBuildFile section */
		97B2C6561F9FA116005D2685 /* AppDelegate.swift in Sources */ = {isa = PBXBuildFile; fileRef = 97B2C6551F9FA116005D2685 /* AppDelegate.swift */; };
		97B2C6581F9FA116005D2685 /* ViewController.swift in Sources */ = {isa = PBXBuildFile; fileRef = 97B2C6571F9FA116005D2685 /* ViewController.swift */; };
		97B2C65B1F9FA116005D2685 /* Main.storyboard in Resources */ = {isa = PBXBuildFile; fileRef = 97B2C6591F9FA116005D2685 /* Main.storyboard */; };
		97B2C65D1F9FA116005D2685 /* Assets.xcassets in Resources */ = {isa = PBXBuildFile; fileRef = 97B2C65C1F9FA116005D2685 /* Assets.xcassets */; };
		97B2C6601F9FA116005D2685 /* LaunchScreen.storyboard in Resources */ = {isa = PBXBuildFile; fileRef = 97B2C65E1F9FA116005D2685 /* LaunchScreen.storyboard */; };
/* End PBXBuildFile section */

/* Begin PBXFileReference section */
		97B2C6521F9FA116005D2685 /* SampleLock.app */ = {isa = PBXFileReference; explicitFileType = wrapper.application; includeInIndex = 0; path = SampleLock.app; sourceTree = BUILT_PRODUCTS_DIR; };
		97B2C6551F9FA116005D2685 /* AppDelegate.swift */ = {isa = PBXFileReference; lastKnownFileType = sourcecode.swift; path = AppDelegate.swift; sourceTree = "<group>"; };
		97B2C6571F9FA116005D2685 /* ViewController.swift */ = {isa = PBXFileReference; lastKnownFileType = sourcecode.swift; path = ViewController.swift; sourceTree = "<group>"; };
		97B2C65A1F9FA116005D2685 /* Base */ = {isa = PBXFileReference; lastKnownFileType = file.storyboard; name = Base; path = Base.lproj/Main.storyboard; sourceTree = "<group>"; };
		97B2C65C1F9FA116005D2685 /* Assets.xcassets */ = {isa = PBXFileReference; lastKnownFileType = folder.assetcatalog; path = Assets.xcassets; sourceTree = "<group>"; };
		97B2C65F1F9FA116005D2685 /* Base */ = {isa = PBXFileReference; lastKnownFileType = file.storyboard; name = Base; path = Base.lproj/LaunchScreen.storyboard; sourceTree = "<group>"; };
		97B2C6611F9FA116005D2685 /* Info.plist */ = {isa = PBXFileReference; lastKnownFileType = text.plist.xml; path = Info.plist; sourceTree = "<group>"; };
/* End PBXFileReference section */

/* Begin PBXFrameworksBuildPhase section */
		97B2C64F1F9FA116005D2685 /* Frameworks */ = {
			isa = PBXFrameworksBuildPhase;
			buildActionMask = 2147483647;
			files = (
			);
			runOnlyForDeploymentPostprocessing = 0;
		};
/* End PBXFrameworksBuildPhase section */

/* Begin PBXGroup section */
		97B2C6491F9FA116005D2685 = {
			isa = PBXGroup;
			children = (
				97B2C6541F9FA116005D2685 /* SampleLock */,
				97B2C6531F9FA116005D2685 /* Products */,
			);
			sourceTree = "<group>";
		};
		97B2C6531F9FA116005D2685 /* Products */ = {
			isa = PBXGroup;
			children = (
				97B2C6521F9FA116005D2685 /* SampleLock.app */,
			);
			name = Products;
			sourceTree = "<group>";
		};
		97B2C6541F9FA116005D2685 /* SampleLock */ = {
			isa = PBXGroup;
			children = (
				97B2C6551F9FA116005D2685 /* AppDelegate.swift */,
				97B2C6571F9FA116005D2685 /* ViewController.swift */,
				97B2C6591F9FA116005D2685 /* Main.storyboard */,
				97B2C65C1F9FA116005D2685 /* Assets.xcassets */,
				97B2C65E1F9FA116005D2685 /* LaunchScreen.storyboard */,
				97B2C6611F9FA116005D2685 /* Info.plist */,
			);
			path = SampleLock;
			sourceTree = "<group>";
		};
/* End PBXGroup section */

/* Begin PBXNativeTarget section */
		97B2C6511F9FA116005D2685 /* SampleLock */ = {
			isa = PBXNativeTarget;
			buildConfigurationList = 97B2C6641F9FA116005D2685 /* Build configuration list for PBXNativeTarget "SampleLock" */;
			buildPhases = (
				97B2C64E1F9FA116005D2685 /* Sources */,
				97B2C64F1F9FA116005D2685 /* Frameworks */,
				97B2C6501F9FA116005D2685 /* Resources */,
			);
			buildRules = (
			);
			dependencies = (
			);
			name = SampleLock;
			productName = SampleLock;
			productReference = 97B2C6521F9FA116005D2685 /* SampleLock.app */;
			productType = "com.apple.product-type.application";
		};
/* End PBXNativeTarget section */

/* Begin PBXProject section */
		97B2C64A1F9FA116005D2685 /* Project object */ = {
			isa = PBXProject;
			attributes = {
				LastSwiftUpdateCheck = 0900;
				LastUpgradeCheck = 0900;
				ORGANIZATIONNAME = "August Z. Flatby";
				TargetAttributes = {
					97B2C6511F9FA116005D2685 = {
						CreatedOnToolsVersion = 9.0.1;
						ProvisioningStyle = Automatic;
					};
				};
			};
			buildConfigurationList = 97B2C64D1F9FA116005D2685 /* Build configuration list for PBXProject "SampleLock" */;
			compatibilityVersion = "Xcode 8.0";
			developmentRegion = en;
			hasScannedForEncodings = 0;
			knownRegions = (
				en,
				Base,
			);
			mainGroup = 97B2C6491F9FA116005D2685;
			productRefGroup = 97B2C6531F9FA116005D2685 /* Products */;
			projectDirPath = "";
			projectRoot = "";
			targets = (
				97B2C6511F9FA116005D2685 /* SampleLock */,
			);
		};
/* End PBXProject section */

/* Begin PBXResourcesBuildPhase section */
		97B2C6501F9FA116005D2685 /* Resources */ = {
			isa = PBXResourcesBuildPhase;
			buildActionMask = 2147483647;
			files = (
				97B2C6601F9FA116005D2685 /* LaunchScreen.storyboard in Resources */,
				97B2C65D1F9FA116005D2685 /* Assets.xcassets in Resources */,
				97B2C65B1F9FA116005D2685 /* Main.storyboard in Resources */,
			);
			runOnlyForDeploymentPostprocessing = 0;
		};
/* End PBXResourcesBuildPhase section */

/* Begin PBXSourcesBuildPhase section */
		97B2C64E1F9FA116005D2685 /* Sources */ = {
			isa = PBXSourcesBuildPhase;
			buildActionMask = 2147483647;
			files = (
				97B2C6581F9FA116005D2685 /* ViewController.swift in Sources */,
				97B2C6561F9FA116005D2685 /* AppDelegate.swift in Sources */,
			);
			runOnlyForDeploymentPostprocessing = 0;
		};
/* End PBXSourcesBuildPhase section */

/* Begin PBXVariantGroup section */
		97B2C6591F9FA116005D2685 /* Main.storyboard */ = {
			isa = PBXVariantGroup;
			children = (
				97B2C65A1F9FA116005D2685 /* Base */,
			);
			name = Main.storyboard;
			sourceTree = "<group>";
		};
		97B2C65E1F9FA116005D2685 /* LaunchScreen.storyboard */ = {
			isa = PBXVariantGroup;
			children = (
				97B2C65F1F9FA116005D2685 /* Base */,
			);
			name = LaunchScreen.storyboard;
			sourceTree = "<group>";
		};
/* End PBXVariantGroup section */

/* Begin XCBuildConfiguration section */
		97B2C6621F9FA116005D2685 /* Debug */ = {
			isa = XCBuildConfiguration;
			buildSettings = {
				ALWAYS_SEARCH_USER_PATHS = NO;
				CLANG_ANALYZER_NONNULL = YES;
				CLANG_ANALYZER_NUMBER_OBJECT_CONVERSION = YES_AGGRESSIVE;
				CLANG_CXX_LANGUAGE_STANDARD = "gnu++14";
				CLANG_CXX_LIBRARY = "libc++";
				CLANG_ENABLE_MODULES = YES;
				CLANG_ENABLE_OBJC_ARC = YES;
				CLANG_WARN_BLOCK_CAPTURE_AUTORELEASING = YES;
				CLANG_WARN_BOOL_CONVERSION = YES;
				CLANG_WARN_COMMA = YES;
				CLANG_WARN_CONSTANT_CONVERSION = YES;
				CLANG_WARN_DIRECT_OBJC_ISA_USAGE = YES_ERROR;
				CLANG_WARN_DOCUMENTATION_COMMENTS = YES;
				CLANG_WARN_EMPTY_BODY = YES;
				CLANG_WARN_ENUM_CONVERSION = YES;
				CLANG_WARN_INFINITE_RECURSION = YES;
				CLANG_WARN_INT_CONVERSION = YES;
				CLANG_WARN_NON_LITERAL_NULL_CONVERSION = YES;
				CLANG_WARN_OBJC_LITERAL_CONVERSION = YES;
				CLANG_WARN_OBJC_ROOT_CLASS = YES_ERROR;
				CLANG_WARN_RANGE_LOOP_ANALYSIS = YES;
				CLANG_WARN_STRICT_PROTOTYPES = YES;
				CLANG_WARN_SUSPICIOUS_MOVE = YES;
				CLANG_WARN_UNGUARDED_AVAILABILITY = YES_AGGRESSIVE;
				CLANG_WARN_UNREACHABLE_CODE = YES;
				CLANG_WARN__DUPLICATE_METHOD_MATCH = YES;
				CODE_SIGN_IDENTITY = "iPhone Developer";
				COPY_PHASE_STRIP = NO;
				DEBUG_INFORMATION_FORMAT = dwarf;
				ENABLE_STRICT_OBJC_MSGSEND = YES;
				ENABLE_TESTABILITY = YES;
				GCC_C_LANGUAGE_STANDARD = gnu11;
				GCC_DYNAMIC_NO_PIC = NO;
				GCC_NO_COMMON_BLOCKS = YES;
				GCC_OPTIMIZATION_LEVEL = 0;
				GCC_PREPROCESSOR_DEFINITIONS = (
					"DEBUG=1",
					"$(inherited)",
				);
				GCC_WARN_64_TO_32_BIT_CONVERSION = YES;
				GCC_WARN_ABOUT_RETURN_TYPE = YES_ERROR;
				GCC_WARN_UNDECLARED_SELECTOR = YES;
				GCC_WARN_UNINITIALIZED_AUTOS = YES_AGGRESSIVE;
				GCC_WARN_UNUSED_FUNCTION = YES;
				GCC_WARN_UNUSED_VARIABLE = YES;
				IPHONEOS_DEPLOYMENT_TARGET = 11.0;
				MTL_ENABLE_DEBUG_INFO = YES;
				ONLY_ACTIVE_ARCH = YES;
				SDKROOT = iphoneos;
				SWIFT_ACTIVE_COMPILATION_CONDITIONS = DEBUG;
				SWIFT_OPTIMIZATION_LEVEL = "-Onone";
			};
			name = Debug;
		};
		97B2C6631F9FA116005D2685 /* Release */ = {
			isa = XCBuildConfiguration;
			buildSettings = {
				ALWAYS_SEARCH_USER_PATHS = NO;
				CLANG_ANALYZER_NONNULL = YES;
				CLANG_ANALYZER_NUMBER_OBJECT_CONVERSION = YES_AGGRESSIVE;
				CLANG_CXX_LANGUAGE_STANDARD = "gnu++14";
				CLANG_CXX_LIBRARY = "libc++";
				CLANG_ENABLE_MODULES = YES;
				CLANG_ENABLE_OBJC_ARC = YES;
				CLANG_WARN_BLOCK_CAPTURE_AUTORELEASING = YES;
				CLANG_WARN_BOOL_CONVERSION = YES;
				CLANG_WARN_COMMA = YES;
				CLANG_WARN_CONSTANT_CONVERSION = YES;
				CLANG_WARN_DIRECT_OBJC_ISA_USAGE = YES_ERROR;
				CLANG_WARN_DOCUMENTATION_COMMENTS = YES;
				CLANG_WARN_EMPTY_BODY = YES;
				CLANG_WARN_ENUM_CONVERSION = YES;
				CLANG_WARN_INFINITE_RECURSION = YES;
				CLANG_WARN_INT_CONVERSION = YES;
				CLANG_WARN_NON_LITERAL_NULL_CONVERSION = YES;
				CLANG_WARN_OBJC_LITERAL_CONVERSION = YES;
				CLANG_WARN_OBJC_ROOT_CLASS = YES_ERROR;
				CLANG_WARN_RANGE_LOOP_ANALYSIS = YES;
				CLANG_WARN_STRICT_PROTOTYPES = YES;
				CLANG_WARN_SUSPICIOUS_MOVE = YES;
				CLANG_WARN_UNGUARDED_AVAILABILITY = YES_AGGRESSIVE;
				CLANG_WARN_UNREACHABLE_CODE = YES;
				CLANG_WARN__DUPLICATE_METHOD_MATCH = YES;
				CODE_SIGN_IDENTITY = "iPhone Developer";
				COPY_PHASE_STRIP = NO;
				DEBUG_INFORMATION_FORMAT = "dwarf-with-dsym";
				ENABLE_NS_ASSERTIONS = NO;
				ENABLE_STRICT_OBJC_MSGSEND = YES;
				GCC_C_LANGUAGE_STANDARD = gnu11;
				GCC_NO_COMMON_BLOCKS = YES;
				GCC_WARN_64_TO_32_BIT_CONVERSION = YES;
				GCC_WARN_ABOUT_RETURN_TYPE = YES_ERROR;
				GCC_WARN_UNDECLARED_SELECTOR = YES;
				GCC_WARN_UNINITIALIZED_AUTOS = YES_AGGRESSIVE;
				GCC_WARN_UNUSED_FUNCTION = YES;
				GCC_WARN_UNUSED_VARIABLE = YES;
				IPHONEOS_DEPLOYMENT_TARGET = 11.0;
				MTL_ENABLE_DEBUG_INFO = NO;
				SDKROOT = iphoneos;
				SWIFT_OPTIMIZATION_LEVEL = "-Owholemodule";
				VALIDATE_PRODUCT = YES;
			};
			name = Release;
		};
		97B2C6651F9FA116005D2685 /* Debug */ = {
			isa = XCBuildConfiguration;
			buildSettings = {
				ASSETCATALOG_COMPILER_APPICON_NAME = AppIcon;
				CODE_SIGN_STYLE = Automatic;
				DEVELOPMENT_TEAM = L8X2X2VR23;
				INFOPLIST_FILE = SampleLock/Info.plist;
				LD_RUNPATH_SEARCH_PATHS = "$(inherited) @executable_path/Frameworks";
				PRODUCT_BUNDLE_IDENTIFIER = io.tikky.SampleLock;
				PRODUCT_NAME = "$(TARGET_NAME)";
				SWIFT_VERSION = 4.0;
				TARGETED_DEVICE_FAMILY = "1,2";
			};
			name = Debug;
		};
		97B2C6661F9FA116005D2685 /* Release */ = {
			isa = XCBuildConfiguration;
			buildSettings = {
				ASSETCATALOG_COMPILER_APPICON_NAME = AppIcon;
				CODE_SIGN_STYLE = Automatic;
				DEVELOPMENT_TEAM = L8X2X2VR23;
				INFOPLIST_FILE = SampleLock/Info.plist;
				LD_RUNPATH_SEARCH_PATHS = "$(inherited) @executable_path/Frameworks";
				PRODUCT_BUNDLE_IDENTIFIER = io.tikky.SampleLock;
				PRODUCT_NAME = "$(TARGET_NAME)";
				SWIFT_VERSION = 4.0;
				TARGETED_DEVICE_FAMILY = "1,2";
			};
			name = Release;
		};
/* End XCBuildConfiguration section */

/* Begin XCConfigurationList section */
		97B2C64D1F9FA116005D2685 /* Build configuration list for PBXProject "SampleLock" */ = {
			isa = XCConfigurationList;
			buildConfigurations = (
				97B2C6621F9FA116005D2685 /* Debug */,
				97B2C6631F9FA116005D2685 /* Release */,
			);
			defaultConfigurationIsVisible = 0;
			defaultConfigurationName = Release;
		};
		97B2C6641F9FA116005D2685 /* Build configuration list for PBXNativeTarget "SampleLock" */ = {
			isa = XCConfigurationList;
			buildConfigurations = (
				97B2C6651F9FA116005D2685 /* Debug */,
				97B2C6661F9FA116005D2685 /* Release */,
			);
			defaultConfigurationIsVisible = 0;
			defaultConfigurationName = Release;
		};
/* End XCConfigurationList section */
	};
	rootObject = 97B2C64A1F9FA116005D2685 /* Project object */;
}
